
Microsoft Visual Studio Solution File, Format Version 12.00
# Visual Studio Version 16
VisualStudioVersion = 16.0.28803.156
MinimumVisualStudioVersion = 10.0.40219.1
Project("{9A19103F-16F7-4668-BE54-9A1E7A4F7556}") = "Gibbed.BorderlandsOz.ProtoBufFormats", "projects\Gibbed.BorderlandsOz.ProtoBufFormats\Gibbed.BorderlandsOz.ProtoBufFormats.csproj", "{F6A846F8-1541-4D51-B438-7BCA47463A90}"
EndProject
Project("{9A19103F-16F7-4668-BE54-9A1E7A4F7556}") = "Gibbed.BorderlandsOz.GameInfo", "projects\Gibbed.BorderlandsOz.GameInfo\Gibbed.BorderlandsOz.GameInfo.csproj", "{B7893168-DE33-4D78-BB97-393077E55C93}"
EndProject
Project("{9A19103F-16F7-4668-BE54-9A1E7A4F7556}") = "Gibbed.BorderlandsOz.FileFormats", "projects\Gibbed.BorderlandsOz.FileFormats\Gibbed.BorderlandsOz.FileFormats.csproj", "{CEEBF236-CE02-42A0-A9C4-1B2094AF3283}"
EndProject
Project("{9A19103F-16F7-4668-BE54-9A1E7A4F7556}") = "Gibbed.IO", "projects\Gibbed.IO\Gibbed.IO.csproj", "{047857BA-DAA3-4CA7-AFB8-A1B082B28C6A}"
EndProject
Project("{2150E333-8FDC-42A3-9474-1A3956D46DE8}") = "Game", "Game", "{B4DBC961-36BD-404D-B9FA-B948CB5E9C05}"
EndProject
Project("{2150E333-8FDC-42A3-9474-1A3956D46DE8}") = "Formats", "Formats", "{B4BE450E-8103-4AF2-9FDF-64ED3B1D95C6}"
EndProject
Project("{2150E333-8FDC-42A3-9474-1A3956D46DE8}") = "Saves", "Saves", "{DC20B65F-EC7A-4164-AEA0-44BA1213EC18}"
EndProject
Project("{2150E333-8FDC-42A3-9474-1A3956D46DE8}") = "Misc", "Misc", "{2A0E7026-F7AD-448B-BB02-B63603210EBD}"
EndProject
Project("{9A19103F-16F7-4668-BE54-9A1E7A4F7556}") = "NDesk.Options", "projects\NDesk.Options\NDesk.Options.csproj", "{C98A6CD6-9422-4B35-8B7A-F520D75534D1}"
EndProject
Project("{9A19103F-16F7-4668-BE54-9A1E7A4F7556}") = "Gibbed.BorderlandsOz.SaveEdit", "projects\Gibbed.BorderlandsOz.SaveEdit\Gibbed.BorderlandsOz.SaveEdit.csproj", "{582B962B-9A50-4B27-AE99-CB16B8DB0C7E}"
EndProject
Project("{9A19103F-16F7-4668-BE54-9A1E7A4F7556}") = "VerifySaves", "projects\VerifySaves\VerifySaves.csproj", "{E040D0B3-355C-4787-8F64-549EE898307E}"
EndProject
Project("{2150E333-8FDC-42A3-9474-1A3956D46DE8}") = "Common", "Common", "{93B973A9-B3AE-4B6A-B631-5DD4E0070451}"
EndProject
Project("{9A19103F-16F7-4668-BE54-9A1E7A4F7556}") = "Gibbed.Gearbox.Common", "projects\Gearbox\Gibbed.Gearbox.Common\Gibbed.Gearbox.Common.csproj", "{D9129034-11E7-4034-96BB-D866F4D57F2B}"
EndProject
Project("{FAE04EC0-301F-11D3-BF4B-00C04F79EFBC}") = "Gibbed.Gearbox.WPF", "projects\Gearbox\Gibbed.Gearbox.WPF\Gibbed.Gearbox.WPF.csproj", "{A1523E58-C297-4E69-ADE5-16866C266AAD}"
EndProject
Global
	GlobalSection(SolutionConfigurationPlatforms) = preSolution
		Debug|Any CPU = Debug|Any CPU
		Release|Any CPU = Release|Any CPU
		SaveEdit Packaging|Any CPU = SaveEdit Packaging|Any CPU
	EndGlobalSection
	GlobalSection(ProjectConfigurationPlatforms) = postSolution
		{F6A846F8-1541-4D51-B438-7BCA47463A90}.Debug|Any CPU.ActiveCfg = Debug|Any CPU
		{F6A846F8-1541-4D51-B438-7BCA47463A90}.Debug|Any CPU.Build.0 = Debug|Any CPU
		{F6A846F8-1541-4D51-B438-7BCA47463A90}.Release|Any CPU.ActiveCfg = Release|Any CPU
		{F6A846F8-1541-4D51-B438-7BCA47463A90}.Release|Any CPU.Build.0 = Release|Any CPU
		{F6A846F8-1541-4D51-B438-7BCA47463A90}.SaveEdit Packaging|Any CPU.ActiveCfg = Release|Any CPU
		{F6A846F8-1541-4D51-B438-7BCA47463A90}.SaveEdit Packaging|Any CPU.Build.0 = Release|Any CPU
		{B7893168-DE33-4D78-BB97-393077E55C93}.Debug|Any CPU.ActiveCfg = Debug|Any CPU
		{B7893168-DE33-4D78-BB97-393077E55C93}.Debug|Any CPU.Build.0 = Debug|Any CPU
		{B7893168-DE33-4D78-BB97-393077E55C93}.Release|Any CPU.ActiveCfg = Release|Any CPU
		{B7893168-DE33-4D78-BB97-393077E55C93}.Release|Any CPU.Build.0 = Release|Any CPU
		{B7893168-DE33-4D78-BB97-393077E55C93}.SaveEdit Packaging|Any CPU.ActiveCfg = Release|Any CPU
		{B7893168-DE33-4D78-BB97-393077E55C93}.SaveEdit Packaging|Any CPU.Build.0 = Release|Any CPU
		{CEEBF236-CE02-42A0-A9C4-1B2094AF3283}.Debug|Any CPU.ActiveCfg = Debug|Any CPU
		{CEEBF236-CE02-42A0-A9C4-1B2094AF3283}.Debug|Any CPU.Build.0 = Debug|Any CPU
		{CEEBF236-CE02-42A0-A9C4-1B2094AF3283}.Release|Any CPU.ActiveCfg = Release|Any CPU
		{CEEBF236-CE02-42A0-A9C4-1B2094AF3283}.Release|Any CPU.Build.0 = Release|Any CPU
		{CEEBF236-CE02-42A0-A9C4-1B2094AF3283}.SaveEdit Packaging|Any CPU.ActiveCfg = Release|Any CPU
		{CEEBF236-CE02-42A0-A9C4-1B2094AF3283}.SaveEdit Packaging|Any CPU.Build.0 = Release|Any CPU
		{047857BA-DAA3-4CA7-AFB8-A1B082B28C6A}.Debug|Any CPU.ActiveCfg = Debug|Any CPU
		{047857BA-DAA3-4CA7-AFB8-A1B082B28C6A}.Debug|Any CPU.Build.0 = Debug|Any CPU
		{047857BA-DAA3-4CA7-AFB8-A1B082B28C6A}.Release|Any CPU.ActiveCfg = Release|Any CPU
		{047857BA-DAA3-4CA7-AFB8-A1B082B28C6A}.Release|Any CPU.Build.0 = Release|Any CPU
		{047857BA-DAA3-4CA7-AFB8-A1B082B28C6A}.SaveEdit Packaging|Any CPU.ActiveCfg = Release|Any CPU
		{047857BA-DAA3-4CA7-AFB8-A1B082B28C6A}.SaveEdit Packaging|Any CPU.Build.0 = Release|Any CPU
		{C98A6CD6-9422-4B35-8B7A-F520D75534D1}.Debug|Any CPU.ActiveCfg = Debug|Any CPU
		{C98A6CD6-9422-4B35-8B7A-F520D75534D1}.Debug|Any CPU.Build.0 = Debug|Any CPU
		{C98A6CD6-9422-4B35-8B7A-F520D75534D1}.Release|Any CPU.ActiveCfg = Release|Any CPU
		{C98A6CD6-9422-4B35-8B7A-F520D75534D1}.Release|Any CPU.Build.0 = Release|Any CPU
		{C98A6CD6-9422-4B35-8B7A-F520D75534D1}.SaveEdit Packaging|Any CPU.ActiveCfg = Release|Any CPU
		{582B962B-9A50-4B27-AE99-CB16B8DB0C7E}.Debug|Any CPU.ActiveCfg = Debug|Any CPU
		{582B962B-9A50-4B27-AE99-CB16B8DB0C7E}.Debug|Any CPU.Build.0 = Debug|Any CPU
		{582B962B-9A50-4B27-AE99-CB16B8DB0C7E}.Release|Any CPU.ActiveCfg = Release|Any CPU
		{582B962B-9A50-4B27-AE99-CB16B8DB0C7E}.Release|Any CPU.Build.0 = Release|Any CPU
		{582B962B-9A50-4B27-AE99-CB16B8DB0C7E}.SaveEdit Packaging|Any CPU.ActiveCfg = Release|Any CPU
		{582B962B-9A50-4B27-AE99-CB16B8DB0C7E}.SaveEdit Packaging|Any CPU.Build.0 = Release|Any CPU
		{E040D0B3-355C-4787-8F64-549EE898307E}.Debug|Any CPU.ActiveCfg = Debug|Any CPU
		{E040D0B3-355C-4787-8F64-549EE898307E}.Debug|Any CPU.Build.0 = Debug|Any CPU
		{E040D0B3-355C-4787-8F64-549EE898307E}.Release|Any CPU.ActiveCfg = Release|Any CPU
		{E040D0B3-355C-4787-8F64-549EE898307E}.Release|Any CPU.Build.0 = Release|Any CPU
		{E040D0B3-355C-4787-8F64-549EE898307E}.SaveEdit Packaging|Any CPU.ActiveCfg = Release|Any CPU
		{D9129034-11E7-4034-96BB-D866F4D57F2B}.Debug|Any CPU.ActiveCfg = Debug|Any CPU
		{D9129034-11E7-4034-96BB-D866F4D57F2B}.Debug|Any CPU.Build.0 = Debug|Any CPU
		{D9129034-11E7-4034-96BB-D866F4D57F2B}.Release|Any CPU.ActiveCfg = Release|Any CPU
		{D9129034-11E7-4034-96BB-D866F4D57F2B}.Release|Any CPU.Build.0 = Release|Any CPU
		{D9129034-11E7-4034-96BB-D866F4D57F2B}.SaveEdit Packaging|Any CPU.ActiveCfg = Debug|Any CPU
		{D9129034-11E7-4034-96BB-D866F4D57F2B}.SaveEdit Packaging|Any CPU.Build.0 = Debug|Any CPU
		{A1523E58-C297-4E69-ADE5-16866C266AAD}.Debug|Any CPU.ActiveCfg = Debug|Any CPU
		{A1523E58-C297-4E69-ADE5-16866C266AAD}.Debug|Any CPU.Build.0 = Debug|Any CPU
		{A1523E58-C297-4E69-ADE5-16866C266AAD}.Release|Any CPU.ActiveCfg = Release|Any CPU
		{A1523E58-C297-4E69-ADE5-16866C266AAD}.Release|Any CPU.Build.0 = Release|Any CPU
		{A1523E58-C297-4E69-ADE5-16866C266AAD}.SaveEdit Packaging|Any CPU.ActiveCfg = Release|Any CPU
		{A1523E58-C297-4E69-ADE5-16866C266AAD}.SaveEdit Packaging|Any CPU.Build.0 = Release|Any CPU
	EndGlobalSection
	GlobalSection(SolutionProperties) = preSolution
		HideSolutionNode = FALSE
	EndGlobalSection
	GlobalSection(NestedProjects) = preSolution
		{F6A846F8-1541-4D51-B438-7BCA47463A90} = {B4BE450E-8103-4AF2-9FDF-64ED3B1D95C6}
		{B7893168-DE33-4D78-BB97-393077E55C93} = {DC20B65F-EC7A-4164-AEA0-44BA1213EC18}
		{CEEBF236-CE02-42A0-A9C4-1B2094AF3283} = {B4BE450E-8103-4AF2-9FDF-64ED3B1D95C6}
		{047857BA-DAA3-4CA7-AFB8-A1B082B28C6A} = {2A0E7026-F7AD-448B-BB02-B63603210EBD}
		{B4BE450E-8103-4AF2-9FDF-64ED3B1D95C6} = {B4DBC961-36BD-404D-B9FA-B948CB5E9C05}
		{DC20B65F-EC7A-4164-AEA0-44BA1213EC18} = {B4DBC961-36BD-404D-B9FA-B948CB5E9C05}
		{C98A6CD6-9422-4B35-8B7A-F520D75534D1} = {2A0E7026-F7AD-448B-BB02-B63603210EBD}
		{582B962B-9A50-4B27-AE99-CB16B8DB0C7E} = {DC20B65F-EC7A-4164-AEA0-44BA1213EC18}
		{E040D0B3-355C-4787-8F64-549EE898307E} = {DC20B65F-EC7A-4164-AEA0-44BA1213EC18}
		{93B973A9-B3AE-4B6A-B631-5DD4E0070451} = {B4DBC961-36BD-404D-B9FA-B948CB5E9C05}
		{D9129034-11E7-4034-96BB-D866F4D57F2B} = {93B973A9-B3AE-4B6A-B631-5DD4E0070451}
		{A1523E58-C297-4E69-ADE5-16866C266AAD} = {93B973A9-B3AE-4B6A-B631-5DD4E0070451}
	EndGlobalSection
	GlobalSection(ExtensibilityGlobals) = postSolution
		SolutionGuid = {E500463B-D70F-4973-8697-95AC3E8CB08C}
	EndGlobalSection
EndGlobal
